{
  "lockfileVersion": 1,
  "workspaces": {
    "": {
      "dependencies": {
        "jotai": "^2.15.0",
      },
    },
  },
  "packages": {
    "jotai": ["jotai@2.15.0", "", { "peerDependencies": { "@babel/core": ">=7.0.0", "@babel/template": ">=7.0.0", "@types/react": ">=17.0.0", "react": ">=17.0.0" }, "optionalPeers": ["@babel/core", "@babel/template", "@types/react", "react"] }, "sha512-nbp/6jN2Ftxgw0VwoVnOg0m5qYM1rVcfvij+MZx99Z5IK13eGve9FJoCwGv+17JvVthTjhSmNtT5e1coJnr6aw=="],
  }
}
