
Microsoft Visual Studio Solution File, Format Version 12.00
# Visual Studio Version 17
VisualStudioVersion = 17.3.32825.248
MinimumVisualStudioVersion = 10.0.40219.1
Project("{9A19103F-16F7-4668-BE54-9A1E7A4F7556}") = "Coral.Database", "src\Coral.Database\Coral.Database.csproj", "{FF7EFE40-5EFE-457A-9C74-5FB94C2F5CD9}"
EndProject
Project("{9A19103F-16F7-4668-BE54-9A1E7A4F7556}") = "Coral.Database.Models", "src\Coral.Database.Models\Coral.Database.Models.csproj", "{51972AEC-3BE5-4996-9CB3-8CBD1824D89B}"
EndProject
Project("{9A19103F-16F7-4668-BE54-9A1E7A4F7556}") = "Coral.Services", "src\Coral.Services\Coral.Services.csproj", "{CFA96249-89E6-446F-A5E9-2BB522D44B15}"
EndProject
Project("{2150E333-8FDC-42A3-9474-1A3956D46DE8}") = "Tests", "Tests", "{77EC9A57-2FA4-413D-B521-7C54FA6E8A69}"
EndProject
Project("{9A19103F-16F7-4668-BE54-9A1E7A4F7556}") = "Coral.Services.Tests", "tests\Coral.Services.Tests\Coral.Services.Tests.csproj", "{EF328A5B-EC8D-4C04-A364-1106ED0B450A}"
EndProject
Project("{9A19103F-16F7-4668-BE54-9A1E7A4F7556}") = "Coral.Api", "src\Coral.Api\Coral.Api.csproj", "{A802EBA0-F6F1-49EC-A0A3-F84929429F92}"
EndProject
Project("{9A19103F-16F7-4668-BE54-9A1E7A4F7556}") = "Coral.Dto", "src\Coral.Dto\Coral.Dto.csproj", "{0F33EFC2-C218-4B2C-BC3C-E0C3142EFF0C}"
EndProject
Project("{9A19103F-16F7-4668-BE54-9A1E7A4F7556}") = "Coral.Encoders", "src\Coral.Encoders\Coral.Encoders.csproj", "{66A467F1-E119-4D6F-8C65-B4CE39A0C649}"
EndProject
Project("{9A19103F-16F7-4668-BE54-9A1E7A4F7556}") = "Coral.Encoders.Tests", "tests\Coral.Encoders.Tests\Coral.Encoders.Tests.csproj", "{06BD902C-38FF-438E-860E-5B62B4210F9D}"
EndProject
Project("{9A19103F-16F7-4668-BE54-9A1E7A4F7556}") = "Coral.TestProviders", "tests\Coral.TestProviders\Coral.TestProviders.csproj", "{3FEC4AF9-FF3F-4EBA-9719-8AE0280EECD1}"
EndProject
Project("{9A19103F-16F7-4668-BE54-9A1E7A4F7556}") = "Coral.Configuration", "src\Coral.Configuration\Coral.Configuration.csproj", "{F3C2EEDA-B10C-4036-9ADE-EF23BFB5DD0B}"
EndProject
Project("{9A19103F-16F7-4668-BE54-9A1E7A4F7556}") = "Coral.Dto.Tests", "tests\Coral.Dto.Tests\Coral.Dto.Tests.csproj", "{0F7AF207-E3AE-42F5-A1BA-2514ECB2F4F0}"
EndProject
Project("{9A19103F-16F7-4668-BE54-9A1E7A4F7556}") = "Coral.PluginBase", "src\Coral.PluginBase\Coral.PluginBase.csproj", "{1F37196D-99DB-4C17-B598-AAD337606DAD}"
EndProject
Project("{9A19103F-16F7-4668-BE54-9A1E7A4F7556}") = "Coral.Plugin.LastFM", "src\Coral.Plugin.LastFM\Coral.Plugin.LastFM.csproj", "{6AD003D4-E65E-4C69-A507-133DAF523FFF}"
EndProject
Project("{9A19103F-16F7-4668-BE54-9A1E7A4F7556}") = "Coral.PluginHost", "src\Coral.PluginHost\Coral.PluginHost.csproj", "{9BCC4141-72C8-4CB1-9569-F8514688DAF2}"
EndProject
Project("{FAE04EC0-301F-11D3-BF4B-00C04F79EFBC}") = "Coral.EventHub", "src\Coral.EventHub\Coral.EventHub.csproj", "{26A107AE-71ED-40C0-B0EF-20702EE8120C}"
EndProject
Global
	GlobalSection(SolutionConfigurationPlatforms) = preSolution
		Debug|Any CPU = Debug|Any CPU
		Release|Any CPU = Release|Any CPU
	EndGlobalSection
	GlobalSection(ProjectConfigurationPlatforms) = postSolution
		{FF7EFE40-5EFE-457A-9C74-5FB94C2F5CD9}.Debug|Any CPU.ActiveCfg = Debug|Any CPU
		{FF7EFE40-5EFE-457A-9C74-5FB94C2F5CD9}.Debug|Any CPU.Build.0 = Debug|Any CPU
		{FF7EFE40-5EFE-457A-9C74-5FB94C2F5CD9}.Release|Any CPU.ActiveCfg = Release|Any CPU
		{FF7EFE40-5EFE-457A-9C74-5FB94C2F5CD9}.Release|Any CPU.Build.0 = Release|Any CPU
		{51972AEC-3BE5-4996-9CB3-8CBD1824D89B}.Debug|Any CPU.ActiveCfg = Debug|Any CPU
		{51972AEC-3BE5-4996-9CB3-8CBD1824D89B}.Debug|Any CPU.Build.0 = Debug|Any CPU
		{51972AEC-3BE5-4996-9CB3-8CBD1824D89B}.Release|Any CPU.ActiveCfg = Release|Any CPU
		{51972AEC-3BE5-4996-9CB3-8CBD1824D89B}.Release|Any CPU.Build.0 = Release|Any CPU
		{CFA96249-89E6-446F-A5E9-2BB522D44B15}.Debug|Any CPU.ActiveCfg = Debug|Any CPU
		{CFA96249-89E6-446F-A5E9-2BB522D44B15}.Debug|Any CPU.Build.0 = Debug|Any CPU
		{CFA96249-89E6-446F-A5E9-2BB522D44B15}.Release|Any CPU.ActiveCfg = Release|Any CPU
		{CFA96249-89E6-446F-A5E9-2BB522D44B15}.Release|Any CPU.Build.0 = Release|Any CPU
		{EF328A5B-EC8D-4C04-A364-1106ED0B450A}.Debug|Any CPU.ActiveCfg = Debug|Any CPU
		{EF328A5B-EC8D-4C04-A364-1106ED0B450A}.Debug|Any CPU.Build.0 = Debug|Any CPU
		{EF328A5B-EC8D-4C04-A364-1106ED0B450A}.Release|Any CPU.ActiveCfg = Release|Any CPU
		{EF328A5B-EC8D-4C04-A364-1106ED0B450A}.Release|Any CPU.Build.0 = Release|Any CPU
		{A802EBA0-F6F1-49EC-A0A3-F84929429F92}.Debug|Any CPU.ActiveCfg = Debug|Any CPU
		{A802EBA0-F6F1-49EC-A0A3-F84929429F92}.Debug|Any CPU.Build.0 = Debug|Any CPU
		{A802EBA0-F6F1-49EC-A0A3-F84929429F92}.Release|Any CPU.ActiveCfg = Release|Any CPU
		{A802EBA0-F6F1-49EC-A0A3-F84929429F92}.Release|Any CPU.Build.0 = Release|Any CPU
		{0F33EFC2-C218-4B2C-BC3C-E0C3142EFF0C}.Debug|Any CPU.ActiveCfg = Debug|Any CPU
		{0F33EFC2-C218-4B2C-BC3C-E0C3142EFF0C}.Debug|Any CPU.Build.0 = Debug|Any CPU
		{0F33EFC2-C218-4B2C-BC3C-E0C3142EFF0C}.Release|Any CPU.ActiveCfg = Release|Any CPU
		{0F33EFC2-C218-4B2C-BC3C-E0C3142EFF0C}.Release|Any CPU.Build.0 = Release|Any CPU
		{66A467F1-E119-4D6F-8C65-B4CE39A0C649}.Debug|Any CPU.ActiveCfg = Debug|Any CPU
		{66A467F1-E119-4D6F-8C65-B4CE39A0C649}.Debug|Any CPU.Build.0 = Debug|Any CPU
		{66A467F1-E119-4D6F-8C65-B4CE39A0C649}.Release|Any CPU.ActiveCfg = Release|Any CPU
		{66A467F1-E119-4D6F-8C65-B4CE39A0C649}.Release|Any CPU.Build.0 = Release|Any CPU
		{06BD902C-38FF-438E-860E-5B62B4210F9D}.Debug|Any CPU.ActiveCfg = Debug|Any CPU
		{06BD902C-38FF-438E-860E-5B62B4210F9D}.Debug|Any CPU.Build.0 = Debug|Any CPU
		{06BD902C-38FF-438E-860E-5B62B4210F9D}.Release|Any CPU.ActiveCfg = Release|Any CPU
		{06BD902C-38FF-438E-860E-5B62B4210F9D}.Release|Any CPU.Build.0 = Release|Any CPU
		{3FEC4AF9-FF3F-4EBA-9719-8AE0280EECD1}.Debug|Any CPU.ActiveCfg = Debug|Any CPU
		{3FEC4AF9-FF3F-4EBA-9719-8AE0280EECD1}.Debug|Any CPU.Build.0 = Debug|Any CPU
		{3FEC4AF9-FF3F-4EBA-9719-8AE0280EECD1}.Release|Any CPU.ActiveCfg = Release|Any CPU
		{3FEC4AF9-FF3F-4EBA-9719-8AE0280EECD1}.Release|Any CPU.Build.0 = Release|Any CPU
		{F3C2EEDA-B10C-4036-9ADE-EF23BFB5DD0B}.Debug|Any CPU.ActiveCfg = Debug|Any CPU
		{F3C2EEDA-B10C-4036-9ADE-EF23BFB5DD0B}.Debug|Any CPU.Build.0 = Debug|Any CPU
		{F3C2EEDA-B10C-4036-9ADE-EF23BFB5DD0B}.Release|Any CPU.ActiveCfg = Release|Any CPU
		{F3C2EEDA-B10C-4036-9ADE-EF23BFB5DD0B}.Release|Any CPU.Build.0 = Release|Any CPU
		{0F7AF207-E3AE-42F5-A1BA-2514ECB2F4F0}.Debug|Any CPU.ActiveCfg = Debug|Any CPU
		{0F7AF207-E3AE-42F5-A1BA-2514ECB2F4F0}.Debug|Any CPU.Build.0 = Debug|Any CPU
		{0F7AF207-E3AE-42F5-A1BA-2514ECB2F4F0}.Release|Any CPU.ActiveCfg = Release|Any CPU
		{0F7AF207-E3AE-42F5-A1BA-2514ECB2F4F0}.Release|Any CPU.Build.0 = Release|Any CPU
		{1F37196D-99DB-4C17-B598-AAD337606DAD}.Debug|Any CPU.ActiveCfg = Debug|Any CPU
		{1F37196D-99DB-4C17-B598-AAD337606DAD}.Debug|Any CPU.Build.0 = Debug|Any CPU
		{1F37196D-99DB-4C17-B598-AAD337606DAD}.Release|Any CPU.ActiveCfg = Release|Any CPU
		{1F37196D-99DB-4C17-B598-AAD337606DAD}.Release|Any CPU.Build.0 = Release|Any CPU
		{6AD003D4-E65E-4C69-A507-133DAF523FFF}.Debug|Any CPU.ActiveCfg = Debug|Any CPU
		{6AD003D4-E65E-4C69-A507-133DAF523FFF}.Debug|Any CPU.Build.0 = Debug|Any CPU
		{6AD003D4-E65E-4C69-A507-133DAF523FFF}.Release|Any CPU.ActiveCfg = Release|Any CPU
		{6AD003D4-E65E-4C69-A507-133DAF523FFF}.Release|Any CPU.Build.0 = Release|Any CPU
		{9BCC4141-72C8-4CB1-9569-F8514688DAF2}.Debug|Any CPU.ActiveCfg = Debug|Any CPU
		{9BCC4141-72C8-4CB1-9569-F8514688DAF2}.Debug|Any CPU.Build.0 = Debug|Any CPU
		{9BCC4141-72C8-4CB1-9569-F8514688DAF2}.Release|Any CPU.ActiveCfg = Release|Any CPU
		{9BCC4141-72C8-4CB1-9569-F8514688DAF2}.Release|Any CPU.Build.0 = Release|Any CPU
		{26A107AE-71ED-40C0-B0EF-20702EE8120C}.Debug|Any CPU.ActiveCfg = Debug|Any CPU
		{26A107AE-71ED-40C0-B0EF-20702EE8120C}.Debug|Any CPU.Build.0 = Debug|Any CPU
		{26A107AE-71ED-40C0-B0EF-20702EE8120C}.Release|Any CPU.ActiveCfg = Release|Any CPU
		{26A107AE-71ED-40C0-B0EF-20702EE8120C}.Release|Any CPU.Build.0 = Release|Any CPU
	EndGlobalSection
	GlobalSection(SolutionProperties) = preSolution
		HideSolutionNode = FALSE
	EndGlobalSection
	GlobalSection(NestedProjects) = preSolution
		{EF328A5B-EC8D-4C04-A364-1106ED0B450A} = {77EC9A57-2FA4-413D-B521-7C54FA6E8A69}
		{06BD902C-38FF-438E-860E-5B62B4210F9D} = {77EC9A57-2FA4-413D-B521-7C54FA6E8A69}
		{3FEC4AF9-FF3F-4EBA-9719-8AE0280EECD1} = {77EC9A57-2FA4-413D-B521-7C54FA6E8A69}
		{0F7AF207-E3AE-42F5-A1BA-2514ECB2F4F0} = {77EC9A57-2FA4-413D-B521-7C54FA6E8A69}
	EndGlobalSection
	GlobalSection(ExtensibilityGlobals) = postSolution
		SolutionGuid = {C1EA6E10-ED2D-4CAE-B2EE-E10813275C71}
	EndGlobalSection
EndGlobal
